// !$*UTF8*$!
{
	archiveVersion = 1;
	classes = {
	};
	objectVersion = 46;
	objects = {

/* Begin PBXBuildFile section */
		D839E2EC196E903E00DCEE8E /* Address.swift in Sources */ = {isa = PBXBuildFile; fileRef = D839E2EB196E903E00DCEE8E /* Address.swift */; };
		D839E2EE196E904500DCEE8E /* Register.swift in Sources */ = {isa = PBXBuildFile; fileRef = D839E2ED196E904500DCEE8E /* Register.swift */; };
		D8498089196FDDF1002C2E64 /* Slot.swift in Sources */ = {isa = PBXBuildFile; fileRef = D8498088196FDDF1002C2E64 /* Slot.swift */; };
		D89367B5196D2B620057FF5A /* Instruction.swift in Sources */ = {isa = PBXBuildFile; fileRef = D89367B4196D2B620057FF5A /* Instruction.swift */; };
		D89367B7196D2C1D0057FF5A /* AddressingMode.swift in Sources */ = {isa = PBXBuildFile; fileRef = D89367B6196D2C1D0057FF5A /* AddressingMode.swift */; };
		D89367B9196E5F0A0057FF5A /* Memory.swift in Sources */ = {isa = PBXBuildFile; fileRef = D89367B8196E5F0A0057FF5A /* Memory.swift */; };
		D89367BB196E5F300057FF5A /* RAM.swift in Sources */ = {isa = PBXBuildFile; fileRef = D89367BA196E5F300057FF5A /* RAM.swift */; };
		D8CC9D8719712D2300CD8103 /* main.swift in Sources */ = {isa = PBXBuildFile; fileRef = D8CC9D8619712D2300CD8103 /* main.swift */; };
		D8CC9D8919712D2300CD8103 /* AppDelegate.swift in Sources */ = {isa = PBXBuildFile; fileRef = D8CC9D8819712D2300CD8103 /* AppDelegate.swift */; };
		D8CC9D8B19712D2300CD8103 /* GameScene.swift in Sources */ = {isa = PBXBuildFile; fileRef = D8CC9D8A19712D2300CD8103 /* GameScene.swift */; };
		D8CC9D8D19712D2300CD8103 /* GameScene.sks in Resources */ = {isa = PBXBuildFile; fileRef = D8CC9D8C19712D2300CD8103 /* GameScene.sks */; };
		D8CC9D8F19712D2300CD8103 /* Images.xcassets in Resources */ = {isa = PBXBuildFile; fileRef = D8CC9D8E19712D2300CD8103 /* Images.xcassets */; };
		D8CC9D9219712D2300CD8103 /* MainMenu.xib in Resources */ = {isa = PBXBuildFile; fileRef = D8CC9D9019712D2300CD8103 /* MainMenu.xib */; };
		D8D017B61970B9D10092A199 /* Disassembler.swift in Sources */ = {isa = PBXBuildFile; fileRef = D8D017B51970B9D10092A199 /* Disassembler.swift */; };
		D8D017B8197111500092A199 /* Overflow.swift in Sources */ = {isa = PBXBuildFile; fileRef = D8D017B7197111500092A199 /* Overflow.swift */; };
		D8E8826C196D2A7900953007 /* CPU.swift in Sources */ = {isa = PBXBuildFile; fileRef = D8E8826B196D2A7900953007 /* CPU.swift */; };
		D8EDB751196D0D6000548ABE /* main.swift in Sources */ = {isa = PBXBuildFile; fileRef = D8EDB750196D0D6000548ABE /* main.swift */; };
/* End PBXBuildFile section */

/* Begin PBXCopyFilesBuildPhase section */
		D8EDB74B196D0D6000548ABE /* CopyFiles */ = {
			isa = PBXCopyFilesBuildPhase;
			buildActionMask = 2147483647;
			dstPath = /usr/share/man/man1/;
			dstSubfolderSpec = 0;
			files = (
			);
			runOnlyForDeploymentPostprocessing = 1;
		};
/* End PBXCopyFilesBuildPhase section */

/* Begin PBXFileReference section */
		D839E2EB196E903E00DCEE8E /* Address.swift */ = {isa = PBXFileReference; fileEncoding = 4; lastKnownFileType = sourcecode.swift; path = Address.swift; sourceTree = "<group>"; };
		D839E2ED196E904500DCEE8E /* Register.swift */ = {isa = PBXFileReference; fileEncoding = 4; lastKnownFileType = sourcecode.swift; path = Register.swift; sourceTree = "<group>"; };
		D8498088196FDDF1002C2E64 /* Slot.swift */ = {isa = PBXFileReference; fileEncoding = 4; lastKnownFileType = sourcecode.swift; path = Slot.swift; sourceTree = "<group>"; };
		D89367B4196D2B620057FF5A /* Instruction.swift */ = {isa = PBXFileReference; fileEncoding = 4; lastKnownFileType = sourcecode.swift; path = Instruction.swift; sourceTree = "<group>"; };
		D89367B6196D2C1D0057FF5A /* AddressingMode.swift */ = {isa = PBXFileReference; fileEncoding = 4; lastKnownFileType = sourcecode.swift; path = AddressingMode.swift; sourceTree = "<group>"; };
		D89367B8196E5F0A0057FF5A /* Memory.swift */ = {isa = PBXFileReference; fileEncoding = 4; lastKnownFileType = sourcecode.swift; path = Memory.swift; sourceTree = "<group>"; };
		D89367BA196E5F300057FF5A /* RAM.swift */ = {isa = PBXFileReference; fileEncoding = 4; lastKnownFileType = sourcecode.swift; path = RAM.swift; sourceTree = "<group>"; };
		D8CC9D8219712D2200CD8103 /* SwiftNES.app */ = {isa = PBXFileReference; explicitFileType = wrapper.application; includeInIndex = 0; path = SwiftNES.app; sourceTree = BUILT_PRODUCTS_DIR; };
		D8CC9D8519712D2300CD8103 /* Info.plist */ = {isa = PBXFileReference; lastKnownFileType = text.plist.xml; path = Info.plist; sourceTree = "<group>"; };
		D8CC9D8619712D2300CD8103 /* main.swift */ = {isa = PBXFileReference; lastKnownFileType = sourcecode.swift; path = main.swift; sourceTree = "<group>"; };
		D8CC9D8819712D2300CD8103 /* AppDelegate.swift */ = {isa = PBXFileReference; lastKnownFileType = sourcecode.swift; path = AppDelegate.swift; sourceTree = "<group>"; };
		D8CC9D8A19712D2300CD8103 /* GameScene.swift */ = {isa = PBXFileReference; lastKnownFileType = sourcecode.swift; path = GameScene.swift; sourceTree = "<group>"; };
		D8CC9D8C19712D2300CD8103 /* GameScene.sks */ = {isa = PBXFileReference; lastKnownFileType = file.sks; path = GameScene.sks; sourceTree = "<group>"; };
		D8CC9D8E19712D2300CD8103 /* Images.xcassets */ = {isa = PBXFileReference; lastKnownFileType = folder.assetcatalog; path = Images.xcassets; sourceTree = "<group>"; };
		D8CC9D9119712D2300CD8103 /* Base */ = {isa = PBXFileReference; lastKnownFileType = file.xib; name = Base; path = Base.lproj/MainMenu.xib; sourceTree = "<group>"; };
		D8D017B51970B9D10092A199 /* Disassembler.swift */ = {isa = PBXFileReference; fileEncoding = 4; lastKnownFileType = sourcecode.swift; path = Disassembler.swift; sourceTree = "<group>"; };
		D8D017B7197111500092A199 /* Overflow.swift */ = {isa = PBXFileReference; fileEncoding = 4; lastKnownFileType = sourcecode.swift; path = Overflow.swift; sourceTree = "<group>"; };
		D8E8826B196D2A7900953007 /* CPU.swift */ = {isa = PBXFileReference; fileEncoding = 4; lastKnownFileType = sourcecode.swift; path = CPU.swift; sourceTree = "<group>"; };
		D8EDB74D196D0D6000548ABE /* Swiftness */ = {isa = PBXFileReference; explicitFileType = "compiled.mach-o.executable"; includeInIndex = 0; path = Swiftness; sourceTree = BUILT_PRODUCTS_DIR; };
		D8EDB750196D0D6000548ABE /* main.swift */ = {isa = PBXFileReference; lastKnownFileType = sourcecode.swift; path = main.swift; sourceTree = "<group>"; };
/* End PBXFileReference section */

/* Begin PBXFrameworksBuildPhase section */
		D8CC9D7F19712D2200CD8103 /* Frameworks */ = {
			isa = PBXFrameworksBuildPhase;
			buildActionMask = 2147483647;
			files = (
			);
			runOnlyForDeploymentPostprocessing = 0;
		};
		D8EDB74A196D0D6000548ABE /* Frameworks */ = {
			isa = PBXFrameworksBuildPhase;
			buildActionMask = 2147483647;
			files = (
			);
			runOnlyForDeploymentPostprocessing = 0;
		};
/* End PBXFrameworksBuildPhase section */

/* Begin PBXGroup section */
		D8CC9D8319712D2200CD8103 /* SwiftNES */ = {
			isa = PBXGroup;
			children = (
				D8CC9D8819712D2300CD8103 /* AppDelegate.swift */,
				D8CC9D8A19712D2300CD8103 /* GameScene.swift */,
				D8CC9D8C19712D2300CD8103 /* GameScene.sks */,
				D8CC9D8E19712D2300CD8103 /* Images.xcassets */,
				D8CC9D9019712D2300CD8103 /* MainMenu.xib */,
				D8CC9D8419712D2300CD8103 /* Supporting Files */,
			);
			path = SwiftNES;
			sourceTree = "<group>";
		};
		D8CC9D8419712D2300CD8103 /* Supporting Files */ = {
			isa = PBXGroup;
			children = (
				D8CC9D8519712D2300CD8103 /* Info.plist */,
				D8CC9D8619712D2300CD8103 /* main.swift */,
			);
			name = "Supporting Files";
			sourceTree = "<group>";
		};
		D8EDB744196D0D6000548ABE = {
			isa = PBXGroup;
			children = (
				D8EDB757196D0E5900548ABE /* src */,
				D8CC9D8319712D2200CD8103 /* SwiftNES */,
				D8EDB74E196D0D6000548ABE /* Products */,
			);
			sourceTree = "<group>";
		};
		D8EDB74E196D0D6000548ABE /* Products */ = {
			isa = PBXGroup;
			children = (
				D8EDB74D196D0D6000548ABE /* Swiftness */,
				D8CC9D8219712D2200CD8103 /* SwiftNES.app */,
			);
			name = Products;
			sourceTree = "<group>";
		};
		D8EDB757196D0E5900548ABE /* src */ = {
			isa = PBXGroup;
			children = (
				D839E2EB196E903E00DCEE8E /* Address.swift */,
				D89367B6196D2C1D0057FF5A /* AddressingMode.swift */,
				D8E8826B196D2A7900953007 /* CPU.swift */,
				D8D017B51970B9D10092A199 /* Disassembler.swift */,
				D89367B4196D2B620057FF5A /* Instruction.swift */,
				D8EDB750196D0D6000548ABE /* main.swift */,
				D89367B8196E5F0A0057FF5A /* Memory.swift */,
				D8D017B7197111500092A199 /* Overflow.swift */,
				D89367BA196E5F300057FF5A /* RAM.swift */,
				D839E2ED196E904500DCEE8E /* Register.swift */,
				D8498088196FDDF1002C2E64 /* Slot.swift */,
			);
			path = src;
			sourceTree = "<group>";
		};
/* End PBXGroup section */

/* Begin PBXNativeTarget section */
		D8CC9D8119712D2200CD8103 /* SwiftNES */ = {
			isa = PBXNativeTarget;
			buildConfigurationList = D8CC9DA319712D2300CD8103 /* Build configuration list for PBXNativeTarget "SwiftNES" */;
			buildPhases = (
				D8CC9D7E19712D2200CD8103 /* Sources */,
				D8CC9D7F19712D2200CD8103 /* Frameworks */,
				D8CC9D8019712D2200CD8103 /* Resources */,
			);
			buildRules = (
			);
			dependencies = (
			);
			name = SwiftNES;
			productName = SwiftNES;
			productReference = D8CC9D8219712D2200CD8103 /* SwiftNES.app */;
			productType = "com.apple.product-type.application";
		};
		D8EDB74C196D0D6000548ABE /* Swiftness */ = {
			isa = PBXNativeTarget;
			buildConfigurationList = D8EDB754196D0D6000548ABE /* Build configuration list for PBXNativeTarget "Swiftness" */;
			buildPhases = (
				D8EDB749196D0D6000548ABE /* Sources */,
				D8EDB74A196D0D6000548ABE /* Frameworks */,
				D8EDB74B196D0D6000548ABE /* CopyFiles */,
			);
			buildRules = (
			);
			dependencies = (
			);
			name = Swiftness;
			productName = Swiftness;
			productReference = D8EDB74D196D0D6000548ABE /* Swiftness */;
			productType = "com.apple.product-type.tool";
		};
/* End PBXNativeTarget section */

/* Begin PBXProject section */
		D8EDB745196D0D6000548ABE /* Project object */ = {
			isa = PBXProject;
			attributes = {
				LastUpgradeCheck = 0600;
				ORGANIZATIONNAME = "Neil Pankey";
				TargetAttributes = {
					D8CC9D8119712D2200CD8103 = {
						CreatedOnToolsVersion = 6.0;
					};
					D8EDB74C196D0D6000548ABE = {
						CreatedOnToolsVersion = 6.0;
					};
				};
			};
			buildConfigurationList = D8EDB748196D0D6000548ABE /* Build configuration list for PBXProject "Swiftness" */;
			compatibilityVersion = "Xcode 3.2";
			developmentRegion = English;
			hasScannedForEncodings = 0;
			knownRegions = (
				en,
				Base,
			);
			mainGroup = D8EDB744196D0D6000548ABE;
			productRefGroup = D8EDB74E196D0D6000548ABE /* Products */;
			projectDirPath = "";
			projectRoot = "";
			targets = (
				D8EDB74C196D0D6000548ABE /* Swiftness */,
				D8CC9D8119712D2200CD8103 /* SwiftNES */,
			);
		};
/* End PBXProject section */

/* Begin PBXResourcesBuildPhase section */
		D8CC9D8019712D2200CD8103 /* Resources */ = {
			isa = PBXResourcesBuildPhase;
			buildActionMask = 2147483647;
			files = (
				D8CC9D8D19712D2300CD8103 /* GameScene.sks in Resources */,
				D8CC9D8F19712D2300CD8103 /* Images.xcassets in Resources */,
				D8CC9D9219712D2300CD8103 /* MainMenu.xib in Resources */,
			);
			runOnlyForDeploymentPostprocessing = 0;
		};
/* End PBXResourcesBuildPhase section */

/* Begin PBXSourcesBuildPhase section */
		D8CC9D7E19712D2200CD8103 /* Sources */ = {
			isa = PBXSourcesBuildPhase;
			buildActionMask = 2147483647;
			files = (
				D8CC9D8B19712D2300CD8103 /* GameScene.swift in Sources */,
				D8CC9D8919712D2300CD8103 /* AppDelegate.swift in Sources */,
				D8CC9D8719712D2300CD8103 /* main.swift in Sources */,
			);
			runOnlyForDeploymentPostprocessing = 0;
		};
		D8EDB749196D0D6000548ABE /* Sources */ = {
			isa = PBXSourcesBuildPhase;
			buildActionMask = 2147483647;
			files = (
				D89367BB196E5F300057FF5A /* RAM.swift in Sources */,
				D8498089196FDDF1002C2E64 /* Slot.swift in Sources */,
				D89367B7196D2C1D0057FF5A /* AddressingMode.swift in Sources */,
				D89367B5196D2B620057FF5A /* Instruction.swift in Sources */,
				D8E8826C196D2A7900953007 /* CPU.swift in Sources */,
				D8D017B8197111500092A199 /* Overflow.swift in Sources */,
				D89367B9196E5F0A0057FF5A /* Memory.swift in Sources */,
				D8EDB751196D0D6000548ABE /* main.swift in Sources */,
				D839E2EE196E904500DCEE8E /* Register.swift in Sources */,
				D839E2EC196E903E00DCEE8E /* Address.swift in Sources */,
				D8D017B61970B9D10092A199 /* Disassembler.swift in Sources */,
			);
			runOnlyForDeploymentPostprocessing = 0;
		};
/* End PBXSourcesBuildPhase section */

/* Begin PBXVariantGroup section */
		D8CC9D9019712D2300CD8103 /* MainMenu.xib */ = {
			isa = PBXVariantGroup;
			children = (
				D8CC9D9119712D2300CD8103 /* Base */,
			);
			name = MainMenu.xib;
			sourceTree = "<group>";
		};
/* End PBXVariantGroup section */

/* Begin XCBuildConfiguration section */
		D8CC9D9F19712D2300CD8103 /* Debug */ = {
			isa = XCBuildConfiguration;
			buildSettings = {
				ASSETCATALOG_COMPILER_APPICON_NAME = AppIcon;
				CODE_SIGN_IDENTITY = "-";
				COMBINE_HIDPI_IMAGES = YES;
				GCC_PREPROCESSOR_DEFINITIONS = (
					"DEBUG=1",
					"$(inherited)",
				);
				INFOPLIST_FILE = SwiftNES/Info.plist;
				LD_RUNPATH_SEARCH_PATHS = "$(inherited) @executable_path/../Frameworks";
				MTL_ENABLE_DEBUG_INFO = YES;
				PRODUCT_NAME = "$(TARGET_NAME)";
			};
			name = Debug;
		};
		D8CC9DA019712D2300CD8103 /* Release */ = {
			isa = XCBuildConfiguration;
			buildSettings = {
				ASSETCATALOG_COMPILER_APPICON_NAME = AppIcon;
				CODE_SIGN_IDENTITY = "-";
				COMBINE_HIDPI_IMAGES = YES;
				INFOPLIST_FILE = SwiftNES/Info.plist;
				LD_RUNPATH_SEARCH_PATHS = "$(inherited) @executable_path/../Frameworks";
				MTL_ENABLE_DEBUG_INFO = NO;
				PRODUCT_NAME = "$(TARGET_NAME)";
			};
			name = Release;
		};
		D8EDB752196D0D6000548ABE /* Debug */ = {
			isa = XCBuildConfiguration;
			buildSettings = {
				ALWAYS_SEARCH_USER_PATHS = NO;
				CLANG_CXX_LANGUAGE_STANDARD = "gnu++0x";
				CLANG_CXX_LIBRARY = "libc++";
				CLANG_ENABLE_MODULES = YES;
				CLANG_ENABLE_OBJC_ARC = YES;
				CLANG_WARN_BOOL_CONVERSION = YES;
				CLANG_WARN_CONSTANT_CONVERSION = YES;
				CLANG_WARN_DIRECT_OBJC_ISA_USAGE = YES_ERROR;
				CLANG_WARN_EMPTY_BODY = YES;
				CLANG_WARN_ENUM_CONVERSION = YES;
				CLANG_WARN_INT_CONVERSION = YES;
				CLANG_WARN_OBJC_ROOT_CLASS = YES_ERROR;
				CLANG_WARN_UNREACHABLE_CODE = YES;
				CLANG_WARN__DUPLICATE_METHOD_MATCH = YES;
				COPY_PHASE_STRIP = NO;
				ENABLE_STRICT_OBJC_MSGSEND = YES;
				GCC_C_LANGUAGE_STANDARD = gnu99;
				GCC_DYNAMIC_NO_PIC = NO;
				GCC_OPTIMIZATION_LEVEL = 0;
				GCC_PREPROCESSOR_DEFINITIONS = (
					"DEBUG=1",
					"$(inherited)",
				);
				GCC_SYMBOLS_PRIVATE_EXTERN = NO;
				GCC_WARN_64_TO_32_BIT_CONVERSION = YES;
				GCC_WARN_ABOUT_RETURN_TYPE = YES_ERROR;
				GCC_WARN_UNDECLARED_SELECTOR = YES;
				GCC_WARN_UNINITIALIZED_AUTOS = YES_AGGRESSIVE;
				GCC_WARN_UNUSED_FUNCTION = YES;
				GCC_WARN_UNUSED_VARIABLE = YES;
				MACOSX_DEPLOYMENT_TARGET = 10.9;
				METAL_ENABLE_DEBUG_INFO = YES;
				ONLY_ACTIVE_ARCH = YES;
				SDKROOT = macosx;
				SWIFT_OPTIMIZATION_LEVEL = "-Onone";
			};
			name = Debug;
		};
		D8EDB753196D0D6000548ABE /* Release */ = {
			isa = XCBuildConfiguration;
			buildSettings = {
				ALWAYS_SEARCH_USER_PATHS = NO;
				CLANG_CXX_LANGUAGE_STANDARD = "gnu++0x";
				CLANG_CXX_LIBRARY = "libc++";
				CLANG_ENABLE_MODULES = YES;
				CLANG_ENABLE_OBJC_ARC = YES;
				CLANG_WARN_BOOL_CONVERSION = YES;
				CLANG_WARN_CONSTANT_CONVERSION = YES;
				CLANG_WARN_DIRECT_OBJC_ISA_USAGE = YES_ERROR;
				CLANG_WARN_EMPTY_BODY = YES;
				CLANG_WARN_ENUM_CONVERSION = YES;
				CLANG_WARN_INT_CONVERSION = YES;
				CLANG_WARN_OBJC_ROOT_CLASS = YES_ERROR;
				CLANG_WARN_UNREACHABLE_CODE = YES;
				CLANG_WARN__DUPLICATE_METHOD_MATCH = YES;
				COPY_PHASE_STRIP = YES;
				DEBUG_INFORMATION_FORMAT = "dwarf-with-dsym";
				ENABLE_NS_ASSERTIONS = NO;
				ENABLE_STRICT_OBJC_MSGSEND = YES;
				GCC_C_LANGUAGE_STANDARD = gnu99;
				GCC_WARN_64_TO_32_BIT_CONVERSION = YES;
				GCC_WARN_ABOUT_RETURN_TYPE = YES_ERROR;
				GCC_WARN_UNDECLARED_SELECTOR = YES;
				GCC_WARN_UNINITIALIZED_AUTOS = YES_AGGRESSIVE;
				GCC_WARN_UNUSED_FUNCTION = YES;
				GCC_WARN_UNUSED_VARIABLE = YES;
				MACOSX_DEPLOYMENT_TARGET = 10.9;
				METAL_ENABLE_DEBUG_INFO = NO;
				SDKROOT = macosx;
			};
			name = Release;
		};
		D8EDB755196D0D6000548ABE /* Debug */ = {
			isa = XCBuildConfiguration;
			buildSettings = {
				PRODUCT_NAME = "$(TARGET_NAME)";
			};
			name = Debug;
		};
		D8EDB756196D0D6000548ABE /* Release */ = {
			isa = XCBuildConfiguration;
			buildSettings = {
				PRODUCT_NAME = "$(TARGET_NAME)";
			};
			name = Release;
		};
/* End XCBuildConfiguration section */

/* Begin XCConfigurationList section */
		D8CC9DA319712D2300CD8103 /* Build configuration list for PBXNativeTarget "SwiftNES" */ = {
			isa = XCConfigurationList;
			buildConfigurations = (
				D8CC9D9F19712D2300CD8103 /* Debug */,
				D8CC9DA019712D2300CD8103 /* Release */,
			);
			defaultConfigurationIsVisible = 0;
		};
		D8EDB748196D0D6000548ABE /* Build configuration list for PBXProject "Swiftness" */ = {
			isa = XCConfigurationList;
			buildConfigurations = (
				D8EDB752196D0D6000548ABE /* Debug */,
				D8EDB753196D0D6000548ABE /* Release */,
			);
			defaultConfigurationIsVisible = 0;
			defaultConfigurationName = Release;
		};
		D8EDB754196D0D6000548ABE /* Build configuration list for PBXNativeTarget "Swiftness" */ = {
			isa = XCConfigurationList;
			buildConfigurations = (
				D8EDB755196D0D6000548ABE /* Debug */,
				D8EDB756196D0D6000548ABE /* Release */,
			);
			defaultConfigurationIsVisible = 0;
			defaultConfigurationName = Release;
		};
/* End XCConfigurationList section */
	};
	rootObject = D8EDB745196D0D6000548ABE /* Project object */;
}
